
Microsoft Visual Studio Solution File, Format Version 12.00
# Visual Studio Version 17
VisualStudioVersion = 17.3.32611.2
MinimumVisualStudioVersion = 10.0.40219.1
Project("{9A19103F-16F7-4668-BE54-9A1E7A4F7556}") = "TreadSnow.Domain", "src\TreadSnow.Domain\TreadSnow.Domain.csproj", "{554AD327-6DBA-4F8F-96F8-81CE7A0C863F}"
EndProject
Project("{9A19103F-16F7-4668-BE54-9A1E7A4F7556}") = "TreadSnow.Application", "src\TreadSnow.Application\TreadSnow.Application.csproj", "{1A94A50E-06DC-43C1-80B5-B662820EC3EB}"
EndProject
Project("{9A19103F-16F7-4668-BE54-9A1E7A4F7556}") = "TreadSnow.EntityFrameworkCore", "src\TreadSnow.EntityFrameworkCore\TreadSnow.EntityFrameworkCore.csproj", "{C956DD76-69C8-4A9C-83EA-D17DF83340FD}"
EndProject
Project("{2150E333-8FDC-42A3-9474-1A3956D46DE8}") = "src", "src", "{CA9AC87F-097E-4F15-8393-4BC07735A5B0}"
EndProject
Project("{2150E333-8FDC-42A3-9474-1A3956D46DE8}") = "test", "test", "{04DBDB01-70F4-4E06-B468-8F87850B22BE}"
EndProject
Project("{9A19103F-16F7-4668-BE54-9A1E7A4F7556}") = "TreadSnow.Application.Tests", "test\TreadSnow.Application.Tests\TreadSnow.Application.Tests.csproj", "{50B2631D-129C-47B3-A587-029CCD6099BC}"
EndProject
Project("{9A19103F-16F7-4668-BE54-9A1E7A4F7556}") = "TreadSnow.Domain.Shared", "src\TreadSnow.Domain.Shared\TreadSnow.Domain.Shared.csproj", "{42F719ED-8413-4895-B5B4-5AB56079BC66}"
EndProject
Project("{9A19103F-16F7-4668-BE54-9A1E7A4F7556}") = "TreadSnow.Application.Contracts", "src\TreadSnow.Application.Contracts\TreadSnow.Application.Contracts.csproj", "{520659C8-C734-4298-A3DA-B539DB9DFC0B}"
EndProject
Project("{9A19103F-16F7-4668-BE54-9A1E7A4F7556}") = "TreadSnow.HttpApi", "src\TreadSnow.HttpApi\TreadSnow.HttpApi.csproj", "{4164BDF7-F527-4E85-9CE6-E3C2D7426A27}"
EndProject
Project("{9A19103F-16F7-4668-BE54-9A1E7A4F7556}") = "TreadSnow.HttpApi.Client", "src\TreadSnow.HttpApi.Client\TreadSnow.HttpApi.Client.csproj", "{3B5A0094-670D-4BB1-BFDD-61B88A8773DC}"
EndProject
Project("{9A19103F-16F7-4668-BE54-9A1E7A4F7556}") = "TreadSnow.EntityFrameworkCore.Tests", "test\TreadSnow.EntityFrameworkCore.Tests\TreadSnow.EntityFrameworkCore.Tests.csproj", "{1FE30EB9-74A9-47F5-A9F6-7B1FAB672D81}"
EndProject
Project("{9A19103F-16F7-4668-BE54-9A1E7A4F7556}") = "TreadSnow.TestBase", "test\TreadSnow.TestBase\TreadSnow.TestBase.csproj", "{91853F21-9CD9-4132-BC29-A7D5D84FFFE7}"
EndProject
Project("{9A19103F-16F7-4668-BE54-9A1E7A4F7556}") = "TreadSnow.Domain.Tests", "test\TreadSnow.Domain.Tests\TreadSnow.Domain.Tests.csproj", "{E512F4D9-9375-480F-A2F6-A46509F9D824}"
EndProject
Project("{9A19103F-16F7-4668-BE54-9A1E7A4F7556}") = "TreadSnow.HttpApi.Client.ConsoleTestApp", "test\TreadSnow.HttpApi.Client.ConsoleTestApp\TreadSnow.HttpApi.Client.ConsoleTestApp.csproj", "{EF480016-9127-4916-8735-D2466BDBC582}"
EndProject
Project("{9A19103F-16F7-4668-BE54-9A1E7A4F7556}") = "TreadSnow.DbMigrator", "src\TreadSnow.DbMigrator\TreadSnow.DbMigrator.csproj", "{70680696-BB1E-4383-BCB2-42C3767171FB}"
EndProject
Project("{9A19103F-16F7-4668-BE54-9A1E7A4F7556}") = "TreadSnow.HttpApi.Host", "src\TreadSnow.HttpApi.Host\TreadSnow.HttpApi.Host.csproj", "{96E5259E-59A3-4FAF-BCD1-5BF8E74EF82C}"
EndProject
Project("{2150E333-8FDC-42A3-9474-1A3956D46DE8}") = "ABP-Identity", "ABP-Identity", "{5B3114AA-529A-5CF3-FC56-1419F323D0E4}"
EndProject
Project("{FAE04EC0-301F-11D3-BF4B-00C04F79EFBC}") = "Volo.Abp.Identity.Domain.Shared", "ABP9.1.1\modules\identity\src\Volo.Abp.Identity.Domain.Shared\Volo.Abp.Identity.Domain.Shared.csproj", "{2960B813-F4D2-4C3A-B845-2DAA8A2CC570}"
EndProject
Project("{FAE04EC0-301F-11D3-BF4B-00C04F79EFBC}") = "Volo.Abp.Identity.Domain", "ABP9.1.1\modules\identity\src\Volo.Abp.Identity.Domain\Volo.Abp.Identity.Domain.csproj", "{E8EC88FE-ADBD-438C-A2B8-00BFE2C159E5}"
EndProject
Project("{FAE04EC0-301F-11D3-BF4B-00C04F79EFBC}") = "Volo.Abp.Identity.Application.Contracts", "ABP9.1.1\modules\identity\src\Volo.Abp.Identity.Application.Contracts\Volo.Abp.Identity.Application.Contracts.csproj", "{26969C1F-0732-4E51-8C7A-1D4B86BB9075}"
EndProject
Project("{FAE04EC0-301F-11D3-BF4B-00C04F79EFBC}") = "Volo.Abp.Identity.Application", "ABP9.1.1\modules\identity\src\Volo.Abp.Identity.Application\Volo.Abp.Identity.Application.csproj", "{2AB7AF27-D583-4C9D-9289-794F4B104B97}"
EndProject
Project("{FAE04EC0-301F-11D3-BF4B-00C04F79EFBC}") = "Volo.Abp.Identity.EntityFrameworkCore", "ABP9.1.1\modules\identity\src\Volo.Abp.Identity.EntityFrameworkCore\Volo.Abp.Identity.EntityFrameworkCore.csproj", "{34FB3CE7-D721-49C8-8BAA-C8679BFC1687}"
EndProject
Project("{FAE04EC0-301F-11D3-BF4B-00C04F79EFBC}") = "Volo.Abp.Identity.HttpApi", "ABP9.1.1\modules\identity\src\Volo.Abp.Identity.HttpApi\Volo.Abp.Identity.HttpApi.csproj", "{E8DEE0A9-CB10-406D-A437-E8ACF4C2B882}"
EndProject
Project("{FAE04EC0-301F-11D3-BF4B-00C04F79EFBC}") = "Volo.Abp.Identity.HttpApi.Client", "ABP9.1.1\modules\identity\src\Volo.Abp.Identity.HttpApi.Client\Volo.Abp.Identity.HttpApi.Client.csproj", "{B0C40CCC-7844-4987-BF42-00AAC29B72F8}"
EndProject
Project("{2150E333-8FDC-42A3-9474-1A3956D46DE8}") = "ABP-Account", "ABP-Account", "{54E351F0-5C01-5FCC-B13E-3F6AB4FCAC7C}"
EndProject
Project("{FAE04EC0-301F-11D3-BF4B-00C04F79EFBC}") = "Volo.Abp.Account.Application.Contracts", "ABP9.1.1\modules\account\src\Volo.Abp.Account.Application.Contracts\Volo.Abp.Account.Application.Contracts.csproj", "{58494AD5-2DF6-415E-8FD2-406000FF2FD9}"
EndProject
Project("{FAE04EC0-301F-11D3-BF4B-00C04F79EFBC}") = "Volo.Abp.Account.Application", "ABP9.1.1\modules\account\src\Volo.Abp.Account.Application\Volo.Abp.Account.Application.csproj", "{20A9299D-BCB3-4021-90DF-B6FF5732729B}"
EndProject
Project("{FAE04EC0-301F-11D3-BF4B-00C04F79EFBC}") = "Volo.Abp.Account.HttpApi", "ABP9.1.1\modules\account\src\Volo.Abp.Account.HttpApi\Volo.Abp.Account.HttpApi.csproj", "{E2787352-4C0D-4C60-BA06-F08948D62261}"
EndProject
Project("{FAE04EC0-301F-11D3-BF4B-00C04F79EFBC}") = "Volo.Abp.Account.HttpApi.Client", "ABP9.1.1\modules\account\src\Volo.Abp.Account.HttpApi.Client\Volo.Abp.Account.HttpApi.Client.csproj", "{5BA6354B-17BD-4AC5-A173-F87E14996F49}"
EndProject
Project("{FAE04EC0-301F-11D3-BF4B-00C04F79EFBC}") = "Volo.Abp.Account.Web", "ABP9.1.1\modules\account\src\Volo.Abp.Account.Web\Volo.Abp.Account.Web.csproj", "{D519B19C-9F42-43A1-8639-754F90C582E2}"
EndProject
Project("{FAE04EC0-301F-11D3-BF4B-00C04F79EFBC}") = "Volo.Abp.Account.Web.OpenIddict", "ABP9.1.1\modules\account\src\Volo.Abp.Account.Web.OpenIddict\Volo.Abp.Account.Web.OpenIddict.csproj", "{6B71244F-AA04-4F98-A325-A4BAD61D9279}"
EndProject
Project("{FAE04EC0-301F-11D3-BF4B-00C04F79EFBC}") = "TreadSnow.Elasticsearch.Logging", "src\TreadSnow.Elasticsearch.Logging\TreadSnow.Elasticsearch.Logging.csproj", "{421C649E-DC5B-49FB-81B1-5CBE628BB0C2}"
EndProject
Global
	GlobalSection(SolutionConfigurationPlatforms) = preSolution
		Debug|Any CPU = Debug|Any CPU
		Debug|x64 = Debug|x64
		Debug|x86 = Debug|x86
		Release|Any CPU = Release|Any CPU
		Release|x64 = Release|x64
		Release|x86 = Release|x86
	EndGlobalSection
	GlobalSection(ProjectConfigurationPlatforms) = postSolution
		{554AD327-6DBA-4F8F-96F8-81CE7A0C863F}.Debug|Any CPU.ActiveCfg = Debug|Any CPU
		{554AD327-6DBA-4F8F-96F8-81CE7A0C863F}.Debug|Any CPU.Build.0 = Debug|Any CPU
		{554AD327-6DBA-4F8F-96F8-81CE7A0C863F}.Debug|x64.ActiveCfg = Debug|Any CPU
		{554AD327-6DBA-4F8F-96F8-81CE7A0C863F}.Debug|x64.Build.0 = Debug|Any CPU
		{554AD327-6DBA-4F8F-96F8-81CE7A0C863F}.Debug|x86.ActiveCfg = Debug|Any CPU
		{554AD327-6DBA-4F8F-96F8-81CE7A0C863F}.Debug|x86.Build.0 = Debug|Any CPU
		{554AD327-6DBA-4F8F-96F8-81CE7A0C863F}.Release|Any CPU.ActiveCfg = Release|Any CPU
		{554AD327-6DBA-4F8F-96F8-81CE7A0C863F}.Release|Any CPU.Build.0 = Release|Any CPU
		{554AD327-6DBA-4F8F-96F8-81CE7A0C863F}.Release|x64.ActiveCfg = Release|Any CPU
		{554AD327-6DBA-4F8F-96F8-81CE7A0C863F}.Release|x64.Build.0 = Release|Any CPU
		{554AD327-6DBA-4F8F-96F8-81CE7A0C863F}.Release|x86.ActiveCfg = Release|Any CPU
		{554AD327-6DBA-4F8F-96F8-81CE7A0C863F}.Release|x86.Build.0 = Release|Any CPU
		{1A94A50E-06DC-43C1-80B5-B662820EC3EB}.Debug|Any CPU.ActiveCfg = Debug|Any CPU
		{1A94A50E-06DC-43C1-80B5-B662820EC3EB}.Debug|Any CPU.Build.0 = Debug|Any CPU
		{1A94A50E-06DC-43C1-80B5-B662820EC3EB}.Debug|x64.ActiveCfg = Debug|Any CPU
		{1A94A50E-06DC-43C1-80B5-B662820EC3EB}.Debug|x64.Build.0 = Debug|Any CPU
		{1A94A50E-06DC-43C1-80B5-B662820EC3EB}.Debug|x86.ActiveCfg = Debug|Any CPU
		{1A94A50E-06DC-43C1-80B5-B662820EC3EB}.Debug|x86.Build.0 = Debug|Any CPU
		{1A94A50E-06DC-43C1-80B5-B662820EC3EB}.Release|Any CPU.ActiveCfg = Release|Any CPU
		{1A94A50E-06DC-43C1-80B5-B662820EC3EB}.Release|Any CPU.Build.0 = Release|Any CPU
		{1A94A50E-06DC-43C1-80B5-B662820EC3EB}.Release|x64.ActiveCfg = Release|Any CPU
		{1A94A50E-06DC-43C1-80B5-B662820EC3EB}.Release|x64.Build.0 = Release|Any CPU
		{1A94A50E-06DC-43C1-80B5-B662820EC3EB}.Release|x86.ActiveCfg = Release|Any CPU
		{1A94A50E-06DC-43C1-80B5-B662820EC3EB}.Release|x86.Build.0 = Release|Any CPU
		{C956DD76-69C8-4A9C-83EA-D17DF83340FD}.Debug|Any CPU.ActiveCfg = Debug|Any CPU
		{C956DD76-69C8-4A9C-83EA-D17DF83340FD}.Debug|Any CPU.Build.0 = Debug|Any CPU
		{C956DD76-69C8-4A9C-83EA-D17DF83340FD}.Debug|x64.ActiveCfg = Debug|Any CPU
		{C956DD76-69C8-4A9C-83EA-D17DF83340FD}.Debug|x64.Build.0 = Debug|Any CPU
		{C956DD76-69C8-4A9C-83EA-D17DF83340FD}.Debug|x86.ActiveCfg = Debug|Any CPU
		{C956DD76-69C8-4A9C-83EA-D17DF83340FD}.Debug|x86.Build.0 = Debug|Any CPU
		{C956DD76-69C8-4A9C-83EA-D17DF83340FD}.Release|Any CPU.ActiveCfg = Release|Any CPU
		{C956DD76-69C8-4A9C-83EA-D17DF83340FD}.Release|Any CPU.Build.0 = Release|Any CPU
		{C956DD76-69C8-4A9C-83EA-D17DF83340FD}.Release|x64.ActiveCfg = Release|Any CPU
		{C956DD76-69C8-4A9C-83EA-D17DF83340FD}.Release|x64.Build.0 = Release|Any CPU
		{C956DD76-69C8-4A9C-83EA-D17DF83340FD}.Release|x86.ActiveCfg = Release|Any CPU
		{C956DD76-69C8-4A9C-83EA-D17DF83340FD}.Release|x86.Build.0 = Release|Any CPU
		{50B2631D-129C-47B3-A587-029CCD6099BC}.Debug|Any CPU.ActiveCfg = Debug|Any CPU
		{50B2631D-129C-47B3-A587-029CCD6099BC}.Debug|Any CPU.Build.0 = Debug|Any CPU
		{50B2631D-129C-47B3-A587-029CCD6099BC}.Debug|x64.ActiveCfg = Debug|Any CPU
		{50B2631D-129C-47B3-A587-029CCD6099BC}.Debug|x64.Build.0 = Debug|Any CPU
		{50B2631D-129C-47B3-A587-029CCD6099BC}.Debug|x86.ActiveCfg = Debug|Any CPU
		{50B2631D-129C-47B3-A587-029CCD6099BC}.Debug|x86.Build.0 = Debug|Any CPU
		{50B2631D-129C-47B3-A587-029CCD6099BC}.Release|Any CPU.ActiveCfg = Release|Any CPU
		{50B2631D-129C-47B3-A587-029CCD6099BC}.Release|Any CPU.Build.0 = Release|Any CPU
		{50B2631D-129C-47B3-A587-029CCD6099BC}.Release|x64.ActiveCfg = Release|Any CPU
		{50B2631D-129C-47B3-A587-029CCD6099BC}.Release|x64.Build.0 = Release|Any CPU
		{50B2631D-129C-47B3-A587-029CCD6099BC}.Release|x86.ActiveCfg = Release|Any CPU
		{50B2631D-129C-47B3-A587-029CCD6099BC}.Release|x86.Build.0 = Release|Any CPU
		{42F719ED-8413-4895-B5B4-5AB56079BC66}.Debug|Any CPU.ActiveCfg = Debug|Any CPU
		{42F719ED-8413-4895-B5B4-5AB56079BC66}.Debug|Any CPU.Build.0 = Debug|Any CPU
		{42F719ED-8413-4895-B5B4-5AB56079BC66}.Debug|x64.ActiveCfg = Debug|Any CPU
		{42F719ED-8413-4895-B5B4-5AB56079BC66}.Debug|x64.Build.0 = Debug|Any CPU
		{42F719ED-8413-4895-B5B4-5AB56079BC66}.Debug|x86.ActiveCfg = Debug|Any CPU
		{42F719ED-8413-4895-B5B4-5AB56079BC66}.Debug|x86.Build.0 = Debug|Any CPU
		{42F719ED-8413-4895-B5B4-5AB56079BC66}.Release|Any CPU.ActiveCfg = Release|Any CPU
		{42F719ED-8413-4895-B5B4-5AB56079BC66}.Release|Any CPU.Build.0 = Release|Any CPU
		{42F719ED-8413-4895-B5B4-5AB56079BC66}.Release|x64.ActiveCfg = Release|Any CPU
		{42F719ED-8413-4895-B5B4-5AB56079BC66}.Release|x64.Build.0 = Release|Any CPU
		{42F719ED-8413-4895-B5B4-5AB56079BC66}.Release|x86.ActiveCfg = Release|Any CPU
		{42F719ED-8413-4895-B5B4-5AB56079BC66}.Release|x86.Build.0 = Release|Any CPU
		{520659C8-C734-4298-A3DA-B539DB9DFC0B}.Debug|Any CPU.ActiveCfg = Debug|Any CPU
		{520659C8-C734-4298-A3DA-B539DB9DFC0B}.Debug|Any CPU.Build.0 = Debug|Any CPU
		{520659C8-C734-4298-A3DA-B539DB9DFC0B}.Debug|x64.ActiveCfg = Debug|Any CPU
		{520659C8-C734-4298-A3DA-B539DB9DFC0B}.Debug|x64.Build.0 = Debug|Any CPU
		{520659C8-C734-4298-A3DA-B539DB9DFC0B}.Debug|x86.ActiveCfg = Debug|Any CPU
		{520659C8-C734-4298-A3DA-B539DB9DFC0B}.Debug|x86.Build.0 = Debug|Any CPU
		{520659C8-C734-4298-A3DA-B539DB9DFC0B}.Release|Any CPU.ActiveCfg = Release|Any CPU
		{520659C8-C734-4298-A3DA-B539DB9DFC0B}.Release|Any CPU.Build.0 = Release|Any CPU
		{520659C8-C734-4298-A3DA-B539DB9DFC0B}.Release|x64.ActiveCfg = Release|Any CPU
		{520659C8-C734-4298-A3DA-B539DB9DFC0B}.Release|x64.Build.0 = Release|Any CPU
		{520659C8-C734-4298-A3DA-B539DB9DFC0B}.Release|x86.ActiveCfg = Release|Any CPU
		{520659C8-C734-4298-A3DA-B539DB9DFC0B}.Release|x86.Build.0 = Release|Any CPU
		{4164BDF7-F527-4E85-9CE6-E3C2D7426A27}.Debug|Any CPU.ActiveCfg = Debug|Any CPU
		{4164BDF7-F527-4E85-9CE6-E3C2D7426A27}.Debug|Any CPU.Build.0 = Debug|Any CPU
		{4164BDF7-F527-4E85-9CE6-E3C2D7426A27}.Debug|x64.ActiveCfg = Debug|Any CPU
		{4164BDF7-F527-4E85-9CE6-E3C2D7426A27}.Debug|x64.Build.0 = Debug|Any CPU
		{4164BDF7-F527-4E85-9CE6-E3C2D7426A27}.Debug|x86.ActiveCfg = Debug|Any CPU
		{4164BDF7-F527-4E85-9CE6-E3C2D7426A27}.Debug|x86.Build.0 = Debug|Any CPU
		{4164BDF7-F527-4E85-9CE6-E3C2D7426A27}.Release|Any CPU.ActiveCfg = Release|Any CPU
		{4164BDF7-F527-4E85-9CE6-E3C2D7426A27}.Release|Any CPU.Build.0 = Release|Any CPU
		{4164BDF7-F527-4E85-9CE6-E3C2D7426A27}.Release|x64.ActiveCfg = Release|Any CPU
		{4164BDF7-F527-4E85-9CE6-E3C2D7426A27}.Release|x64.Build.0 = Release|Any CPU
		{4164BDF7-F527-4E85-9CE6-E3C2D7426A27}.Release|x86.ActiveCfg = Release|Any CPU
		{4164BDF7-F527-4E85-9CE6-E3C2D7426A27}.Release|x86.Build.0 = Release|Any CPU
		{3B5A0094-670D-4BB1-BFDD-61B88A8773DC}.Debug|Any CPU.ActiveCfg = Debug|Any CPU
		{3B5A0094-670D-4BB1-BFDD-61B88A8773DC}.Debug|Any CPU.Build.0 = Debug|Any CPU
		{3B5A0094-670D-4BB1-BFDD-61B88A8773DC}.Debug|x64.ActiveCfg = Debug|Any CPU
		{3B5A0094-670D-4BB1-BFDD-61B88A8773DC}.Debug|x64.Build.0 = Debug|Any CPU
		{3B5A0094-670D-4BB1-BFDD-61B88A8773DC}.Debug|x86.ActiveCfg = Debug|Any CPU
		{3B5A0094-670D-4BB1-BFDD-61B88A8773DC}.Debug|x86.Build.0 = Debug|Any CPU
		{3B5A0094-670D-4BB1-BFDD-61B88A8773DC}.Release|Any CPU.ActiveCfg = Release|Any CPU
		{3B5A0094-670D-4BB1-BFDD-61B88A8773DC}.Release|Any CPU.Build.0 = Release|Any CPU
		{3B5A0094-670D-4BB1-BFDD-61B88A8773DC}.Release|x64.ActiveCfg = Release|Any CPU
		{3B5A0094-670D-4BB1-BFDD-61B88A8773DC}.Release|x64.Build.0 = Release|Any CPU
		{3B5A0094-670D-4BB1-BFDD-61B88A8773DC}.Release|x86.ActiveCfg = Release|Any CPU
		{3B5A0094-670D-4BB1-BFDD-61B88A8773DC}.Release|x86.Build.0 = Release|Any CPU
		{1FE30EB9-74A9-47F5-A9F6-7B1FAB672D81}.Debug|Any CPU.ActiveCfg = Debug|Any CPU
		{1FE30EB9-74A9-47F5-A9F6-7B1FAB672D81}.Debug|Any CPU.Build.0 = Debug|Any CPU
		{1FE30EB9-74A9-47F5-A9F6-7B1FAB672D81}.Debug|x64.ActiveCfg = Debug|Any CPU
		{1FE30EB9-74A9-47F5-A9F6-7B1FAB672D81}.Debug|x64.Build.0 = Debug|Any CPU
		{1FE30EB9-74A9-47F5-A9F6-7B1FAB672D81}.Debug|x86.ActiveCfg = Debug|Any CPU
		{1FE30EB9-74A9-47F5-A9F6-7B1FAB672D81}.Debug|x86.Build.0 = Debug|Any CPU
		{1FE30EB9-74A9-47F5-A9F6-7B1FAB672D81}.Release|Any CPU.ActiveCfg = Release|Any CPU
		{1FE30EB9-74A9-47F5-A9F6-7B1FAB672D81}.Release|Any CPU.Build.0 = Release|Any CPU
		{1FE30EB9-74A9-47F5-A9F6-7B1FAB672D81}.Release|x64.ActiveCfg = Release|Any CPU
		{1FE30EB9-74A9-47F5-A9F6-7B1FAB672D81}.Release|x64.Build.0 = Release|Any CPU
		{1FE30EB9-74A9-47F5-A9F6-7B1FAB672D81}.Release|x86.ActiveCfg = Release|Any CPU
		{1FE30EB9-74A9-47F5-A9F6-7B1FAB672D81}.Release|x86.Build.0 = Release|Any CPU
		{91853F21-9CD9-4132-BC29-A7D5D84FFFE7}.Debug|Any CPU.ActiveCfg = Debug|Any CPU
		{91853F21-9CD9-4132-BC29-A7D5D84FFFE7}.Debug|Any CPU.Build.0 = Debug|Any CPU
		{91853F21-9CD9-4132-BC29-A7D5D84FFFE7}.Debug|x64.ActiveCfg = Debug|Any CPU
		{91853F21-9CD9-4132-BC29-A7D5D84FFFE7}.Debug|x64.Build.0 = Debug|Any CPU
		{91853F21-9CD9-4132-BC29-A7D5D84FFFE7}.Debug|x86.ActiveCfg = Debug|Any CPU
		{91853F21-9CD9-4132-BC29-A7D5D84FFFE7}.Debug|x86.Build.0 = Debug|Any CPU
		{91853F21-9CD9-4132-BC29-A7D5D84FFFE7}.Release|Any CPU.ActiveCfg = Release|Any CPU
		{91853F21-9CD9-4132-BC29-A7D5D84FFFE7}.Release|Any CPU.Build.0 = Release|Any CPU
		{91853F21-9CD9-4132-BC29-A7D5D84FFFE7}.Release|x64.ActiveCfg = Release|Any CPU
		{91853F21-9CD9-4132-BC29-A7D5D84FFFE7}.Release|x64.Build.0 = Release|Any CPU
		{91853F21-9CD9-4132-BC29-A7D5D84FFFE7}.Release|x86.ActiveCfg = Release|Any CPU
		{91853F21-9CD9-4132-BC29-A7D5D84FFFE7}.Release|x86.Build.0 = Release|Any CPU
		{E512F4D9-9375-480F-A2F6-A46509F9D824}.Debug|Any CPU.ActiveCfg = Debug|Any CPU
		{E512F4D9-9375-480F-A2F6-A46509F9D824}.Debug|Any CPU.Build.0 = Debug|Any CPU
		{E512F4D9-9375-480F-A2F6-A46509F9D824}.Debug|x64.ActiveCfg = Debug|Any CPU
		{E512F4D9-9375-480F-A2F6-A46509F9D824}.Debug|x64.Build.0 = Debug|Any CPU
		{E512F4D9-9375-480F-A2F6-A46509F9D824}.Debug|x86.ActiveCfg = Debug|Any CPU
		{E512F4D9-9375-480F-A2F6-A46509F9D824}.Debug|x86.Build.0 = Debug|Any CPU
		{E512F4D9-9375-480F-A2F6-A46509F9D824}.Release|Any CPU.ActiveCfg = Release|Any CPU
		{E512F4D9-9375-480F-A2F6-A46509F9D824}.Release|Any CPU.Build.0 = Release|Any CPU
		{E512F4D9-9375-480F-A2F6-A46509F9D824}.Release|x64.ActiveCfg = Release|Any CPU
		{E512F4D9-9375-480F-A2F6-A46509F9D824}.Release|x64.Build.0 = Release|Any CPU
		{E512F4D9-9375-480F-A2F6-A46509F9D824}.Release|x86.ActiveCfg = Release|Any CPU
		{E512F4D9-9375-480F-A2F6-A46509F9D824}.Release|x86.Build.0 = Release|Any CPU
		{EF480016-9127-4916-8735-D2466BDBC582}.Debug|Any CPU.ActiveCfg = Debug|Any CPU
		{EF480016-9127-4916-8735-D2466BDBC582}.Debug|Any CPU.Build.0 = Debug|Any CPU
		{EF480016-9127-4916-8735-D2466BDBC582}.Debug|x64.ActiveCfg = Debug|Any CPU
		{EF480016-9127-4916-8735-D2466BDBC582}.Debug|x64.Build.0 = Debug|Any CPU
		{EF480016-9127-4916-8735-D2466BDBC582}.Debug|x86.ActiveCfg = Debug|Any CPU
		{EF480016-9127-4916-8735-D2466BDBC582}.Debug|x86.Build.0 = Debug|Any CPU
		{EF480016-9127-4916-8735-D2466BDBC582}.Release|Any CPU.ActiveCfg = Release|Any CPU
		{EF480016-9127-4916-8735-D2466BDBC582}.Release|Any CPU.Build.0 = Release|Any CPU
		{EF480016-9127-4916-8735-D2466BDBC582}.Release|x64.ActiveCfg = Release|Any CPU
		{EF480016-9127-4916-8735-D2466BDBC582}.Release|x64.Build.0 = Release|Any CPU
		{EF480016-9127-4916-8735-D2466BDBC582}.Release|x86.ActiveCfg = Release|Any CPU
		{EF480016-9127-4916-8735-D2466BDBC582}.Release|x86.Build.0 = Release|Any CPU
		{70680696-BB1E-4383-BCB2-42C3767171FB}.Debug|Any CPU.ActiveCfg = Debug|Any CPU
		{70680696-BB1E-4383-BCB2-42C3767171FB}.Debug|Any CPU.Build.0 = Debug|Any CPU
		{70680696-BB1E-4383-BCB2-42C3767171FB}.Debug|x64.ActiveCfg = Debug|Any CPU
		{70680696-BB1E-4383-BCB2-42C3767171FB}.Debug|x64.Build.0 = Debug|Any CPU
		{70680696-BB1E-4383-BCB2-42C3767171FB}.Debug|x86.ActiveCfg = Debug|Any CPU
		{70680696-BB1E-4383-BCB2-42C3767171FB}.Debug|x86.Build.0 = Debug|Any CPU
		{70680696-BB1E-4383-BCB2-42C3767171FB}.Release|Any CPU.ActiveCfg = Release|Any CPU
		{70680696-BB1E-4383-BCB2-42C3767171FB}.Release|Any CPU.Build.0 = Release|Any CPU
		{70680696-BB1E-4383-BCB2-42C3767171FB}.Release|x64.ActiveCfg = Release|Any CPU
		{70680696-BB1E-4383-BCB2-42C3767171FB}.Release|x64.Build.0 = Release|Any CPU
		{70680696-BB1E-4383-BCB2-42C3767171FB}.Release|x86.ActiveCfg = Release|Any CPU
		{70680696-BB1E-4383-BCB2-42C3767171FB}.Release|x86.Build.0 = Release|Any CPU
		{96E5259E-59A3-4FAF-BCD1-5BF8E74EF82C}.Debug|Any CPU.ActiveCfg = Debug|Any CPU
		{96E5259E-59A3-4FAF-BCD1-5BF8E74EF82C}.Debug|Any CPU.Build.0 = Debug|Any CPU
		{96E5259E-59A3-4FAF-BCD1-5BF8E74EF82C}.Debug|x64.ActiveCfg = Debug|Any CPU
		{96E5259E-59A3-4FAF-BCD1-5BF8E74EF82C}.Debug|x64.Build.0 = Debug|Any CPU
		{96E5259E-59A3-4FAF-BCD1-5BF8E74EF82C}.Debug|x86.ActiveCfg = Debug|Any CPU
		{96E5259E-59A3-4FAF-BCD1-5BF8E74EF82C}.Debug|x86.Build.0 = Debug|Any CPU
		{96E5259E-59A3-4FAF-BCD1-5BF8E74EF82C}.Release|Any CPU.ActiveCfg = Release|Any CPU
		{96E5259E-59A3-4FAF-BCD1-5BF8E74EF82C}.Release|Any CPU.Build.0 = Release|Any CPU
		{96E5259E-59A3-4FAF-BCD1-5BF8E74EF82C}.Release|x64.ActiveCfg = Release|Any CPU
		{96E5259E-59A3-4FAF-BCD1-5BF8E74EF82C}.Release|x64.Build.0 = Release|Any CPU
		{96E5259E-59A3-4FAF-BCD1-5BF8E74EF82C}.Release|x86.ActiveCfg = Release|Any CPU
		{96E5259E-59A3-4FAF-BCD1-5BF8E74EF82C}.Release|x86.Build.0 = Release|Any CPU
		{2960B813-F4D2-4C3A-B845-2DAA8A2CC570}.Debug|Any CPU.ActiveCfg = Debug|Any CPU
		{2960B813-F4D2-4C3A-B845-2DAA8A2CC570}.Debug|Any CPU.Build.0 = Debug|Any CPU
		{2960B813-F4D2-4C3A-B845-2DAA8A2CC570}.Debug|x64.ActiveCfg = Debug|Any CPU
		{2960B813-F4D2-4C3A-B845-2DAA8A2CC570}.Debug|x64.Build.0 = Debug|Any CPU
		{2960B813-F4D2-4C3A-B845-2DAA8A2CC570}.Debug|x86.ActiveCfg = Debug|Any CPU
		{2960B813-F4D2-4C3A-B845-2DAA8A2CC570}.Debug|x86.Build.0 = Debug|Any CPU
		{2960B813-F4D2-4C3A-B845-2DAA8A2CC570}.Release|Any CPU.ActiveCfg = Release|Any CPU
		{2960B813-F4D2-4C3A-B845-2DAA8A2CC570}.Release|Any CPU.Build.0 = Release|Any CPU
		{2960B813-F4D2-4C3A-B845-2DAA8A2CC570}.Release|x64.ActiveCfg = Release|Any CPU
		{2960B813-F4D2-4C3A-B845-2DAA8A2CC570}.Release|x64.Build.0 = Release|Any CPU
		{2960B813-F4D2-4C3A-B845-2DAA8A2CC570}.Release|x86.ActiveCfg = Release|Any CPU
		{2960B813-F4D2-4C3A-B845-2DAA8A2CC570}.Release|x86.Build.0 = Release|Any CPU
		{E8EC88FE-ADBD-438C-A2B8-00BFE2C159E5}.Debug|Any CPU.ActiveCfg = Debug|Any CPU
		{E8EC88FE-ADBD-438C-A2B8-00BFE2C159E5}.Debug|Any CPU.Build.0 = Debug|Any CPU
		{E8EC88FE-ADBD-438C-A2B8-00BFE2C159E5}.Debug|x64.ActiveCfg = Debug|Any CPU
		{E8EC88FE-ADBD-438C-A2B8-00BFE2C159E5}.Debug|x64.Build.0 = Debug|Any CPU
		{E8EC88FE-ADBD-438C-A2B8-00BFE2C159E5}.Debug|x86.ActiveCfg = Debug|Any CPU
		{E8EC88FE-ADBD-438C-A2B8-00BFE2C159E5}.Debug|x86.Build.0 = Debug|Any CPU
		{E8EC88FE-ADBD-438C-A2B8-00BFE2C159E5}.Release|Any CPU.ActiveCfg = Release|Any CPU
		{E8EC88FE-ADBD-438C-A2B8-00BFE2C159E5}.Release|Any CPU.Build.0 = Release|Any CPU
		{E8EC88FE-ADBD-438C-A2B8-00BFE2C159E5}.Release|x64.ActiveCfg = Release|Any CPU
		{E8EC88FE-ADBD-438C-A2B8-00BFE2C159E5}.Release|x64.Build.0 = Release|Any CPU
		{E8EC88FE-ADBD-438C-A2B8-00BFE2C159E5}.Release|x86.ActiveCfg = Release|Any CPU
		{E8EC88FE-ADBD-438C-A2B8-00BFE2C159E5}.Release|x86.Build.0 = Release|Any CPU
		{26969C1F-0732-4E51-8C7A-1D4B86BB9075}.Debug|Any CPU.ActiveCfg = Debug|Any CPU
		{26969C1F-0732-4E51-8C7A-1D4B86BB9075}.Debug|Any CPU.Build.0 = Debug|Any CPU
		{26969C1F-0732-4E51-8C7A-1D4B86BB9075}.Debug|x64.ActiveCfg = Debug|Any CPU
		{26969C1F-0732-4E51-8C7A-1D4B86BB9075}.Debug|x64.Build.0 = Debug|Any CPU
		{26969C1F-0732-4E51-8C7A-1D4B86BB9075}.Debug|x86.ActiveCfg = Debug|Any CPU
		{26969C1F-0732-4E51-8C7A-1D4B86BB9075}.Debug|x86.Build.0 = Debug|Any CPU
		{26969C1F-0732-4E51-8C7A-1D4B86BB9075}.Release|Any CPU.ActiveCfg = Release|Any CPU
		{26969C1F-0732-4E51-8C7A-1D4B86BB9075}.Release|Any CPU.Build.0 = Release|Any CPU
		{26969C1F-0732-4E51-8C7A-1D4B86BB9075}.Release|x64.ActiveCfg = Release|Any CPU
		{26969C1F-0732-4E51-8C7A-1D4B86BB9075}.Release|x64.Build.0 = Release|Any CPU
		{26969C1F-0732-4E51-8C7A-1D4B86BB9075}.Release|x86.ActiveCfg = Release|Any CPU
		{26969C1F-0732-4E51-8C7A-1D4B86BB9075}.Release|x86.Build.0 = Release|Any CPU
		{2AB7AF27-D583-4C9D-9289-794F4B104B97}.Debug|Any CPU.ActiveCfg = Debug|Any CPU
		{2AB7AF27-D583-4C9D-9289-794F4B104B97}.Debug|Any CPU.Build.0 = Debug|Any CPU
		{2AB7AF27-D583-4C9D-9289-794F4B104B97}.Debug|x64.ActiveCfg = Debug|Any CPU
		{2AB7AF27-D583-4C9D-9289-794F4B104B97}.Debug|x64.Build.0 = Debug|Any CPU
		{2AB7AF27-D583-4C9D-9289-794F4B104B97}.Debug|x86.ActiveCfg = Debug|Any CPU
		{2AB7AF27-D583-4C9D-9289-794F4B104B97}.Debug|x86.Build.0 = Debug|Any CPU
		{2AB7AF27-D583-4C9D-9289-794F4B104B97}.Release|Any CPU.ActiveCfg = Release|Any CPU
		{2AB7AF27-D583-4C9D-9289-794F4B104B97}.Release|Any CPU.Build.0 = Release|Any CPU
		{2AB7AF27-D583-4C9D-9289-794F4B104B97}.Release|x64.ActiveCfg = Release|Any CPU
		{2AB7AF27-D583-4C9D-9289-794F4B104B97}.Release|x64.Build.0 = Release|Any CPU
		{2AB7AF27-D583-4C9D-9289-794F4B104B97}.Release|x86.ActiveCfg = Release|Any CPU
		{2AB7AF27-D583-4C9D-9289-794F4B104B97}.Release|x86.Build.0 = Release|Any CPU
		{34FB3CE7-D721-49C8-8BAA-C8679BFC1687}.Debug|Any CPU.ActiveCfg = Debug|Any CPU
		{34FB3CE7-D721-49C8-8BAA-C8679BFC1687}.Debug|Any CPU.Build.0 = Debug|Any CPU
		{34FB3CE7-D721-49C8-8BAA-C8679BFC1687}.Debug|x64.ActiveCfg = Debug|Any CPU
		{34FB3CE7-D721-49C8-8BAA-C8679BFC1687}.Debug|x64.Build.0 = Debug|Any CPU
		{34FB3CE7-D721-49C8-8BAA-C8679BFC1687}.Debug|x86.ActiveCfg = Debug|Any CPU
		{34FB3CE7-D721-49C8-8BAA-C8679BFC1687}.Debug|x86.Build.0 = Debug|Any CPU
		{34FB3CE7-D721-49C8-8BAA-C8679BFC1687}.Release|Any CPU.ActiveCfg = Release|Any CPU
		{34FB3CE7-D721-49C8-8BAA-C8679BFC1687}.Release|Any CPU.Build.0 = Release|Any CPU
		{34FB3CE7-D721-49C8-8BAA-C8679BFC1687}.Release|x64.ActiveCfg = Release|Any CPU
		{34FB3CE7-D721-49C8-8BAA-C8679BFC1687}.Release|x64.Build.0 = Release|Any CPU
		{34FB3CE7-D721-49C8-8BAA-C8679BFC1687}.Release|x86.ActiveCfg = Release|Any CPU
		{34FB3CE7-D721-49C8-8BAA-C8679BFC1687}.Release|x86.Build.0 = Release|Any CPU
		{E8DEE0A9-CB10-406D-A437-E8ACF4C2B882}.Debug|Any CPU.ActiveCfg = Debug|Any CPU
		{E8DEE0A9-CB10-406D-A437-E8ACF4C2B882}.Debug|Any CPU.Build.0 = Debug|Any CPU
		{E8DEE0A9-CB10-406D-A437-E8ACF4C2B882}.Debug|x64.ActiveCfg = Debug|Any CPU
		{E8DEE0A9-CB10-406D-A437-E8ACF4C2B882}.Debug|x64.Build.0 = Debug|Any CPU
		{E8DEE0A9-CB10-406D-A437-E8ACF4C2B882}.Debug|x86.ActiveCfg = Debug|Any CPU
		{E8DEE0A9-CB10-406D-A437-E8ACF4C2B882}.Debug|x86.Build.0 = Debug|Any CPU
		{E8DEE0A9-CB10-406D-A437-E8ACF4C2B882}.Release|Any CPU.ActiveCfg = Release|Any CPU
		{E8DEE0A9-CB10-406D-A437-E8ACF4C2B882}.Release|Any CPU.Build.0 = Release|Any CPU
		{E8DEE0A9-CB10-406D-A437-E8ACF4C2B882}.Release|x64.ActiveCfg = Release|Any CPU
		{E8DEE0A9-CB10-406D-A437-E8ACF4C2B882}.Release|x64.Build.0 = Release|Any CPU
		{E8DEE0A9-CB10-406D-A437-E8ACF4C2B882}.Release|x86.ActiveCfg = Release|Any CPU
		{E8DEE0A9-CB10-406D-A437-E8ACF4C2B882}.Release|x86.Build.0 = Release|Any CPU
		{B0C40CCC-7844-4987-BF42-00AAC29B72F8}.Debug|Any CPU.ActiveCfg = Debug|Any CPU
		{B0C40CCC-7844-4987-BF42-00AAC29B72F8}.Debug|Any CPU.Build.0 = Debug|Any CPU
		{B0C40CCC-7844-4987-BF42-00AAC29B72F8}.Debug|x64.ActiveCfg = Debug|Any CPU
		{B0C40CCC-7844-4987-BF42-00AAC29B72F8}.Debug|x64.Build.0 = Debug|Any CPU
		{B0C40CCC-7844-4987-BF42-00AAC29B72F8}.Debug|x86.ActiveCfg = Debug|Any CPU
		{B0C40CCC-7844-4987-BF42-00AAC29B72F8}.Debug|x86.Build.0 = Debug|Any CPU
		{B0C40CCC-7844-4987-BF42-00AAC29B72F8}.Release|Any CPU.ActiveCfg = Release|Any CPU
		{B0C40CCC-7844-4987-BF42-00AAC29B72F8}.Release|Any CPU.Build.0 = Release|Any CPU
		{B0C40CCC-7844-4987-BF42-00AAC29B72F8}.Release|x64.ActiveCfg = Release|Any CPU
		{B0C40CCC-7844-4987-BF42-00AAC29B72F8}.Release|x64.Build.0 = Release|Any CPU
		{B0C40CCC-7844-4987-BF42-00AAC29B72F8}.Release|x86.ActiveCfg = Release|Any CPU
		{B0C40CCC-7844-4987-BF42-00AAC29B72F8}.Release|x86.Build.0 = Release|Any CPU
		{58494AD5-2DF6-415E-8FD2-406000FF2FD9}.Debug|Any CPU.ActiveCfg = Debug|Any CPU
		{58494AD5-2DF6-415E-8FD2-406000FF2FD9}.Debug|Any CPU.Build.0 = Debug|Any CPU
		{58494AD5-2DF6-415E-8FD2-406000FF2FD9}.Debug|x64.ActiveCfg = Debug|Any CPU
		{58494AD5-2DF6-415E-8FD2-406000FF2FD9}.Debug|x64.Build.0 = Debug|Any CPU
		{58494AD5-2DF6-415E-8FD2-406000FF2FD9}.Debug|x86.ActiveCfg = Debug|Any CPU
		{58494AD5-2DF6-415E-8FD2-406000FF2FD9}.Debug|x86.Build.0 = Debug|Any CPU
		{58494AD5-2DF6-415E-8FD2-406000FF2FD9}.Release|Any CPU.ActiveCfg = Release|Any CPU
		{58494AD5-2DF6-415E-8FD2-406000FF2FD9}.Release|Any CPU.Build.0 = Release|Any CPU
		{58494AD5-2DF6-415E-8FD2-406000FF2FD9}.Release|x64.ActiveCfg = Release|Any CPU
		{58494AD5-2DF6-415E-8FD2-406000FF2FD9}.Release|x64.Build.0 = Release|Any CPU
		{58494AD5-2DF6-415E-8FD2-406000FF2FD9}.Release|x86.ActiveCfg = Release|Any CPU
		{58494AD5-2DF6-415E-8FD2-406000FF2FD9}.Release|x86.Build.0 = Release|Any CPU
		{20A9299D-BCB3-4021-90DF-B6FF5732729B}.Debug|Any CPU.ActiveCfg = Debug|Any CPU
		{20A9299D-BCB3-4021-90DF-B6FF5732729B}.Debug|Any CPU.Build.0 = Debug|Any CPU
		{20A9299D-BCB3-4021-90DF-B6FF5732729B}.Debug|x64.ActiveCfg = Debug|Any CPU
		{20A9299D-BCB3-4021-90DF-B6FF5732729B}.Debug|x64.Build.0 = Debug|Any CPU
		{20A9299D-BCB3-4021-90DF-B6FF5732729B}.Debug|x86.ActiveCfg = Debug|Any CPU
		{20A9299D-BCB3-4021-90DF-B6FF5732729B}.Debug|x86.Build.0 = Debug|Any CPU
		{20A9299D-BCB3-4021-90DF-B6FF5732729B}.Release|Any CPU.ActiveCfg = Release|Any CPU
		{20A9299D-BCB3-4021-90DF-B6FF5732729B}.Release|Any CPU.Build.0 = Release|Any CPU
		{20A9299D-BCB3-4021-90DF-B6FF5732729B}.Release|x64.ActiveCfg = Release|Any CPU
		{20A9299D-BCB3-4021-90DF-B6FF5732729B}.Release|x64.Build.0 = Release|Any CPU
		{20A9299D-BCB3-4021-90DF-B6FF5732729B}.Release|x86.ActiveCfg = Release|Any CPU
		{20A9299D-BCB3-4021-90DF-B6FF5732729B}.Release|x86.Build.0 = Release|Any CPU
		{E2787352-4C0D-4C60-BA06-F08948D62261}.Debug|Any CPU.ActiveCfg = Debug|Any CPU
		{E2787352-4C0D-4C60-BA06-F08948D62261}.Debug|Any CPU.Build.0 = Debug|Any CPU
		{E2787352-4C0D-4C60-BA06-F08948D62261}.Debug|x64.ActiveCfg = Debug|Any CPU
		{E2787352-4C0D-4C60-BA06-F08948D62261}.Debug|x64.Build.0 = Debug|Any CPU
		{E2787352-4C0D-4C60-BA06-F08948D62261}.Debug|x86.ActiveCfg = Debug|Any CPU
		{E2787352-4C0D-4C60-BA06-F08948D62261}.Debug|x86.Build.0 = Debug|Any CPU
		{E2787352-4C0D-4C60-BA06-F08948D62261}.Release|Any CPU.ActiveCfg = Release|Any CPU
		{E2787352-4C0D-4C60-BA06-F08948D62261}.Release|Any CPU.Build.0 = Release|Any CPU
		{E2787352-4C0D-4C60-BA06-F08948D62261}.Release|x64.ActiveCfg = Release|Any CPU
		{E2787352-4C0D-4C60-BA06-F08948D62261}.Release|x64.Build.0 = Release|Any CPU
		{E2787352-4C0D-4C60-BA06-F08948D62261}.Release|x86.ActiveCfg = Release|Any CPU
		{E2787352-4C0D-4C60-BA06-F08948D62261}.Release|x86.Build.0 = Release|Any CPU
		{5BA6354B-17BD-4AC5-A173-F87E14996F49}.Debug|Any CPU.ActiveCfg = Debug|Any CPU
		{5BA6354B-17BD-4AC5-A173-F87E14996F49}.Debug|Any CPU.Build.0 = Debug|Any CPU
		{5BA6354B-17BD-4AC5-A173-F87E14996F49}.Debug|x64.ActiveCfg = Debug|Any CPU
		{5BA6354B-17BD-4AC5-A173-F87E14996F49}.Debug|x64.Build.0 = Debug|Any CPU
		{5BA6354B-17BD-4AC5-A173-F87E14996F49}.Debug|x86.ActiveCfg = Debug|Any CPU
		{5BA6354B-17BD-4AC5-A173-F87E14996F49}.Debug|x86.Build.0 = Debug|Any CPU
		{5BA6354B-17BD-4AC5-A173-F87E14996F49}.Release|Any CPU.ActiveCfg = Release|Any CPU
		{5BA6354B-17BD-4AC5-A173-F87E14996F49}.Release|Any CPU.Build.0 = Release|Any CPU
		{5BA6354B-17BD-4AC5-A173-F87E14996F49}.Release|x64.ActiveCfg = Release|Any CPU
		{5BA6354B-17BD-4AC5-A173-F87E14996F49}.Release|x64.Build.0 = Release|Any CPU
		{5BA6354B-17BD-4AC5-A173-F87E14996F49}.Release|x86.ActiveCfg = Release|Any CPU
		{5BA6354B-17BD-4AC5-A173-F87E14996F49}.Release|x86.Build.0 = Release|Any CPU
		{D519B19C-9F42-43A1-8639-754F90C582E2}.Debug|Any CPU.ActiveCfg = Debug|Any CPU
		{D519B19C-9F42-43A1-8639-754F90C582E2}.Debug|Any CPU.Build.0 = Debug|Any CPU
		{D519B19C-9F42-43A1-8639-754F90C582E2}.Debug|x64.ActiveCfg = Debug|Any CPU
		{D519B19C-9F42-43A1-8639-754F90C582E2}.Debug|x64.Build.0 = Debug|Any CPU
		{D519B19C-9F42-43A1-8639-754F90C582E2}.Debug|x86.ActiveCfg = Debug|Any CPU
		{D519B19C-9F42-43A1-8639-754F90C582E2}.Debug|x86.Build.0 = Debug|Any CPU
		{D519B19C-9F42-43A1-8639-754F90C582E2}.Release|Any CPU.ActiveCfg = Release|Any CPU
		{D519B19C-9F42-43A1-8639-754F90C582E2}.Release|Any CPU.Build.0 = Release|Any CPU
		{D519B19C-9F42-43A1-8639-754F90C582E2}.Release|x64.ActiveCfg = Release|Any CPU
		{D519B19C-9F42-43A1-8639-754F90C582E2}.Release|x64.Build.0 = Release|Any CPU
		{D519B19C-9F42-43A1-8639-754F90C582E2}.Release|x86.ActiveCfg = Release|Any CPU
		{D519B19C-9F42-43A1-8639-754F90C582E2}.Release|x86.Build.0 = Release|Any CPU
		{6B71244F-AA04-4F98-A325-A4BAD61D9279}.Debug|Any CPU.ActiveCfg = Debug|Any CPU
		{6B71244F-AA04-4F98-A325-A4BAD61D9279}.Debug|Any CPU.Build.0 = Debug|Any CPU
		{6B71244F-AA04-4F98-A325-A4BAD61D9279}.Debug|x64.ActiveCfg = Debug|Any CPU
		{6B71244F-AA04-4F98-A325-A4BAD61D9279}.Debug|x64.Build.0 = Debug|Any CPU
		{6B71244F-AA04-4F98-A325-A4BAD61D9279}.Debug|x86.ActiveCfg = Debug|Any CPU
		{6B71244F-AA04-4F98-A325-A4BAD61D9279}.Debug|x86.Build.0 = Debug|Any CPU
		{6B71244F-AA04-4F98-A325-A4BAD61D9279}.Release|Any CPU.ActiveCfg = Release|Any CPU
		{6B71244F-AA04-4F98-A325-A4BAD61D9279}.Release|Any CPU.Build.0 = Release|Any CPU
		{6B71244F-AA04-4F98-A325-A4BAD61D9279}.Release|x64.ActiveCfg = Release|Any CPU
		{6B71244F-AA04-4F98-A325-A4BAD61D9279}.Release|x64.Build.0 = Release|Any CPU
		{6B71244F-AA04-4F98-A325-A4BAD61D9279}.Release|x86.ActiveCfg = Release|Any CPU
		{6B71244F-AA04-4F98-A325-A4BAD61D9279}.Release|x86.Build.0 = Release|Any CPU
		{421C649E-DC5B-49FB-81B1-5CBE628BB0C2}.Debug|Any CPU.ActiveCfg = Debug|Any CPU
		{421C649E-DC5B-49FB-81B1-5CBE628BB0C2}.Debug|Any CPU.Build.0 = Debug|Any CPU
		{421C649E-DC5B-49FB-81B1-5CBE628BB0C2}.Debug|x64.ActiveCfg = Debug|Any CPU
		{421C649E-DC5B-49FB-81B1-5CBE628BB0C2}.Debug|x64.Build.0 = Debug|Any CPU
		{421C649E-DC5B-49FB-81B1-5CBE628BB0C2}.Debug|x86.ActiveCfg = Debug|Any CPU
		{421C649E-DC5B-49FB-81B1-5CBE628BB0C2}.Debug|x86.Build.0 = Debug|Any CPU
		{421C649E-DC5B-49FB-81B1-5CBE628BB0C2}.Release|Any CPU.ActiveCfg = Release|Any CPU
		{421C649E-DC5B-49FB-81B1-5CBE628BB0C2}.Release|Any CPU.Build.0 = Release|Any CPU
		{421C649E-DC5B-49FB-81B1-5CBE628BB0C2}.Release|x64.ActiveCfg = Release|Any CPU
		{421C649E-DC5B-49FB-81B1-5CBE628BB0C2}.Release|x64.Build.0 = Release|Any CPU
		{421C649E-DC5B-49FB-81B1-5CBE628BB0C2}.Release|x86.ActiveCfg = Release|Any CPU
		{421C649E-DC5B-49FB-81B1-5CBE628BB0C2}.Release|x86.Build.0 = Release|Any CPU
	EndGlobalSection
	GlobalSection(SolutionProperties) = preSolution
		HideSolutionNode = FALSE
	EndGlobalSection
	GlobalSection(NestedProjects) = preSolution
		{554AD327-6DBA-4F8F-96F8-81CE7A0C863F} = {CA9AC87F-097E-4F15-8393-4BC07735A5B0}
		{1A94A50E-06DC-43C1-80B5-B662820EC3EB} = {CA9AC87F-097E-4F15-8393-4BC07735A5B0}
		{C956DD76-69C8-4A9C-83EA-D17DF83340FD} = {CA9AC87F-097E-4F15-8393-4BC07735A5B0}
		{50B2631D-129C-47B3-A587-029CCD6099BC} = {04DBDB01-70F4-4E06-B468-8F87850B22BE}
		{42F719ED-8413-4895-B5B4-5AB56079BC66} = {CA9AC87F-097E-4F15-8393-4BC07735A5B0}
		{520659C8-C734-4298-A3DA-B539DB9DFC0B} = {CA9AC87F-097E-4F15-8393-4BC07735A5B0}
		{4164BDF7-F527-4E85-9CE6-E3C2D7426A27} = {CA9AC87F-097E-4F15-8393-4BC07735A5B0}
		{3B5A0094-670D-4BB1-BFDD-61B88A8773DC} = {CA9AC87F-097E-4F15-8393-4BC07735A5B0}
		{1FE30EB9-74A9-47F5-A9F6-7B1FAB672D81} = {04DBDB01-70F4-4E06-B468-8F87850B22BE}
		{91853F21-9CD9-4132-BC29-A7D5D84FFFE7} = {04DBDB01-70F4-4E06-B468-8F87850B22BE}
		{E512F4D9-9375-480F-A2F6-A46509F9D824} = {04DBDB01-70F4-4E06-B468-8F87850B22BE}
		{EF480016-9127-4916-8735-D2466BDBC582} = {04DBDB01-70F4-4E06-B468-8F87850B22BE}
		{70680696-BB1E-4383-BCB2-42C3767171FB} = {CA9AC87F-097E-4F15-8393-4BC07735A5B0}
		{96E5259E-59A3-4FAF-BCD1-5BF8E74EF82C} = {CA9AC87F-097E-4F15-8393-4BC07735A5B0}
		{2960B813-F4D2-4C3A-B845-2DAA8A2CC570} = {5B3114AA-529A-5CF3-FC56-1419F323D0E4}
		{E8EC88FE-ADBD-438C-A2B8-00BFE2C159E5} = {5B3114AA-529A-5CF3-FC56-1419F323D0E4}
		{26969C1F-0732-4E51-8C7A-1D4B86BB9075} = {5B3114AA-529A-5CF3-FC56-1419F323D0E4}
		{2AB7AF27-D583-4C9D-9289-794F4B104B97} = {5B3114AA-529A-5CF3-FC56-1419F323D0E4}
		{34FB3CE7-D721-49C8-8BAA-C8679BFC1687} = {5B3114AA-529A-5CF3-FC56-1419F323D0E4}
		{E8DEE0A9-CB10-406D-A437-E8ACF4C2B882} = {5B3114AA-529A-5CF3-FC56-1419F323D0E4}
		{B0C40CCC-7844-4987-BF42-00AAC29B72F8} = {5B3114AA-529A-5CF3-FC56-1419F323D0E4}
		{58494AD5-2DF6-415E-8FD2-406000FF2FD9} = {54E351F0-5C01-5FCC-B13E-3F6AB4FCAC7C}
		{20A9299D-BCB3-4021-90DF-B6FF5732729B} = {54E351F0-5C01-5FCC-B13E-3F6AB4FCAC7C}
		{E2787352-4C0D-4C60-BA06-F08948D62261} = {54E351F0-5C01-5FCC-B13E-3F6AB4FCAC7C}
		{5BA6354B-17BD-4AC5-A173-F87E14996F49} = {54E351F0-5C01-5FCC-B13E-3F6AB4FCAC7C}
		{D519B19C-9F42-43A1-8639-754F90C582E2} = {54E351F0-5C01-5FCC-B13E-3F6AB4FCAC7C}
		{6B71244F-AA04-4F98-A325-A4BAD61D9279} = {54E351F0-5C01-5FCC-B13E-3F6AB4FCAC7C}
		{421C649E-DC5B-49FB-81B1-5CBE628BB0C2} = {CA9AC87F-097E-4F15-8393-4BC07735A5B0}
	EndGlobalSection
	GlobalSection(ExtensibilityGlobals) = postSolution
		SolutionGuid = {28315BFD-90E7-4E14-A2EA-F3D23AF4126F}
	EndGlobalSection
EndGlobal
